
Microsoft Visual Studio Solution File, Format Version 12.00
# Visual Studio Version 17
VisualStudioVersion = 17.10.35004.147
MinimumVisualStudioVersion = 10.0.40219.1
Project("{9A19103F-16F7-4668-BE54-9A1E7A4F7556}") = "Facturación", "Facturación.csproj", "{9032337C-0BF7-4F03-8B00-2947655CF0B0}"
EndProject
Project("{9A19103F-16F7-4668-BE54-9A1E7A4F7556}") = "AccessData", "..\AccessData\AccessData.csproj", "{01454DF8-79DA-435A-93AE-247A68A73563}"
EndProject
Project("{FAE04EC0-301F-11D3-BF4B-00C04F79EFBC}") = "Repository", "..\Repository\Repository.csproj", "{396E9B35-D1B7-4955-AC1C-D76830D43ED1}"
EndProject
Global
	GlobalSection(SolutionConfigurationPlatforms) = preSolution
		Debug|Any CPU = Debug|Any CPU
		Release|Any CPU = Release|Any CPU
	EndGlobalSection
	GlobalSection(ProjectConfigurationPlatforms) = postSolution
		{9032337C-0BF7-4F03-8B00-2947655CF0B0}.Debug|Any CPU.ActiveCfg = Debug|Any CPU
		{9032337C-0BF7-4F03-8B00-2947655CF0B0}.Debug|Any CPU.Build.0 = Debug|Any CPU
		{9032337C-0BF7-4F03-8B00-2947655CF0B0}.Release|Any CPU.ActiveCfg = Release|Any CPU
		{9032337C-0BF7-4F03-8B00-2947655CF0B0}.Release|Any CPU.Build.0 = Release|Any CPU
		{01454DF8-79DA-435A-93AE-247A68A73563}.Debug|Any CPU.ActiveCfg = Debug|Any CPU
		{01454DF8-79DA-435A-93AE-247A68A73563}.Debug|Any CPU.Build.0 = Debug|Any CPU
		{01454DF8-79DA-435A-93AE-247A68A73563}.Release|Any CPU.ActiveCfg = Release|Any CPU
		{01454DF8-79DA-435A-93AE-247A68A73563}.Release|Any CPU.Build.0 = Release|Any CPU
		{396E9B35-D1B7-4955-AC1C-D76830D43ED1}.Debug|Any CPU.ActiveCfg = Debug|Any CPU
		{396E9B35-D1B7-4955-AC1C-D76830D43ED1}.Debug|Any CPU.Build.0 = Debug|Any CPU
		{396E9B35-D1B7-4955-AC1C-D76830D43ED1}.Release|Any CPU.ActiveCfg = Release|Any CPU
		{396E9B35-D1B7-4955-AC1C-D76830D43ED1}.Release|Any CPU.Build.0 = Release|Any CPU
	EndGlobalSection
	GlobalSection(SolutionProperties) = preSolution
		HideSolutionNode = FALSE
	EndGlobalSection
	GlobalSection(ExtensibilityGlobals) = postSolution
		SolutionGuid = {28DA5667-D903-40A8-9A6F-ED1534B01CE1}
	EndGlobalSection
EndGlobal
